// !$*UTF8*$!
{
	archiveVersion = 1;
	classes = {
	};
	objectVersion = 48;
	objects = {

/* Begin PBXBuildFile section */
		9317945E1EF9BB930002E0EB /* rose.jpg in Resources */ = {isa = PBXBuildFile; fileRef = 9317945D1EF9BB930002E0EB /* rose.jpg */; };
		931863781EF7EF50005CE28F /* AppDelegate.swift in Sources */ = {isa = PBXBuildFile; fileRef = 931863771EF7EF50005CE28F /* AppDelegate.swift */; };
		9318637A1EF7EF50005CE28F /* ViewController.swift in Sources */ = {isa = PBXBuildFile; fileRef = 931863791EF7EF50005CE28F /* ViewController.swift */; };
		9318637D1EF7EF50005CE28F /* Main.storyboard in Resources */ = {isa = PBXBuildFile; fileRef = 9318637B1EF7EF50005CE28F /* Main.storyboard */; };
		9318637F1EF7EF50005CE28F /* Assets.xcassets in Resources */ = {isa = PBXBuildFile; fileRef = 9318637E1EF7EF50005CE28F /* Assets.xcassets */; };
		931863821EF7EF50005CE28F /* LaunchScreen.storyboard in Resources */ = {isa = PBXBuildFile; fileRef = 931863801EF7EF50005CE28F /* LaunchScreen.storyboard */; };
		9346318F1EF9C04E006F06AE /* UIImageExtension.swift in Sources */ = {isa = PBXBuildFile; fileRef = 9346318E1EF9C04E006F06AE /* UIImageExtension.swift */; };
/* End PBXBuildFile section */

/* Begin PBXFileReference section */
		9317945D1EF9BB930002E0EB /* rose.jpg */ = {isa = PBXFileReference; lastKnownFileType = image.jpeg; name = rose.jpg; path = ../../CoreML/flowers/rose.jpg; sourceTree = "<group>"; };
		931863741EF7EF50005CE28F /* Flowers.app */ = {isa = PBXFileReference; explicitFileType = wrapper.application; includeInIndex = 0; path = Flowers.app; sourceTree = BUILT_PRODUCTS_DIR; };
		931863771EF7EF50005CE28F /* AppDelegate.swift */ = {isa = PBXFileReference; lastKnownFileType = sourcecode.swift; path = AppDelegate.swift; sourceTree = "<group>"; };
		931863791EF7EF50005CE28F /* ViewController.swift */ = {isa = PBXFileReference; lastKnownFileType = sourcecode.swift; path = ViewController.swift; sourceTree = "<group>"; };
		9318637C1EF7EF50005CE28F /* Base */ = {isa = PBXFileReference; lastKnownFileType = file.storyboard; name = Base; path = Base.lproj/Main.storyboard; sourceTree = "<group>"; };
		9318637E1EF7EF50005CE28F /* Assets.xcassets */ = {isa = PBXFileReference; lastKnownFileType = folder.assetcatalog; path = Assets.xcassets; sourceTree = "<group>"; };
		931863811EF7EF50005CE28F /* Base */ = {isa = PBXFileReference; lastKnownFileType = file.storyboard; name = Base; path = Base.lproj/LaunchScreen.storyboard; sourceTree = "<group>"; };
		931863831EF7EF50005CE28F /* Info.plist */ = {isa = PBXFileReference; lastKnownFileType = text.plist.xml; path = Info.plist; sourceTree = "<group>"; };
		9346318E1EF9C04E006F06AE /* UIImageExtension.swift */ = {isa = PBXFileReference; lastKnownFileType = sourcecode.swift; path = UIImageExtension.swift; sourceTree = "<group>"; };
/* End PBXFileReference section */

/* Begin PBXFrameworksBuildPhase section */
		931863711EF7EF50005CE28F /* Frameworks */ = {
			isa = PBXFrameworksBuildPhase;
			buildActionMask = 2147483647;
			files = (
			);
			runOnlyForDeploymentPostprocessing = 0;
		};
/* End PBXFrameworksBuildPhase section */

/* Begin PBXGroup section */
		9318636B1EF7EF50005CE28F = {
			isa = PBXGroup;
			children = (
				931863761EF7EF50005CE28F /* Flowers */,
				931863751EF7EF50005CE28F /* Products */,
			);
			sourceTree = "<group>";
		};
		931863751EF7EF50005CE28F /* Products */ = {
			isa = PBXGroup;
			children = (
				931863741EF7EF50005CE28F /* Flowers.app */,
			);
			name = Products;
			sourceTree = "<group>";
		};
		931863761EF7EF50005CE28F /* Flowers */ = {
			isa = PBXGroup;
			children = (
				9317945D1EF9BB930002E0EB /* rose.jpg */,
				931863771EF7EF50005CE28F /* AppDelegate.swift */,
				931863791EF7EF50005CE28F /* ViewController.swift */,
				9318637B1EF7EF50005CE28F /* Main.storyboard */,
				9318637E1EF7EF50005CE28F /* Assets.xcassets */,
				931863801EF7EF50005CE28F /* LaunchScreen.storyboard */,
				931863831EF7EF50005CE28F /* Info.plist */,
				9346318E1EF9C04E006F06AE /* UIImageExtension.swift */,
			);
			path = Flowers;
			sourceTree = "<group>";
		};
/* End PBXGroup section */

/* Begin PBXNativeTarget section */
		931863731EF7EF50005CE28F /* Flowers */ = {
			isa = PBXNativeTarget;
			buildConfigurationList = 931863861EF7EF50005CE28F /* Build configuration list for PBXNativeTarget "Flowers" */;
			buildPhases = (
				931863701EF7EF50005CE28F /* Sources */,
				931863711EF7EF50005CE28F /* Frameworks */,
				931863721EF7EF50005CE28F /* Resources */,
			);
			buildRules = (
			);
			dependencies = (
			);
			name = Flowers;
			productName = Flowers;
			productReference = 931863741EF7EF50005CE28F /* Flowers.app */;
			productType = "com.apple.product-type.application";
		};
/* End PBXNativeTarget section */

/* Begin PBXProject section */
		9318636C1EF7EF50005CE28F /* Project object */ = {
			isa = PBXProject;
			attributes = {
				LastSwiftUpdateCheck = 0900;
				LastUpgradeCheck = 0900;
				ORGANIZATIONNAME = "Gaël Foppolo";
				TargetAttributes = {
					931863731EF7EF50005CE28F = {
						CreatedOnToolsVersion = 9.0;
					};
				};
			};
			buildConfigurationList = 9318636F1EF7EF50005CE28F /* Build configuration list for PBXProject "Flowers" */;
			compatibilityVersion = "Xcode 8.0";
			developmentRegion = en;
			hasScannedForEncodings = 0;
			knownRegions = (
				en,
				Base,
			);
			mainGroup = 9318636B1EF7EF50005CE28F;
			productRefGroup = 931863751EF7EF50005CE28F /* Products */;
			projectDirPath = "";
			projectRoot = "";
			targets = (
				931863731EF7EF50005CE28F /* Flowers */,
			);
		};
/* End PBXProject section */

/* Begin PBXResourcesBuildPhase section */
		931863721EF7EF50005CE28F /* Resources */ = {
			isa = PBXResourcesBuildPhase;
			buildActionMask = 2147483647;
			files = (
				9317945E1EF9BB930002E0EB /* rose.jpg in Resources */,
				931863821EF7EF50005CE28F /* LaunchScreen.storyboard in Resources */,
				9318637F1EF7EF50005CE28F /* Assets.xcassets in Resources */,
				9318637D1EF7EF50005CE28F /* Main.storyboard in Resources */,
			);
			runOnlyForDeploymentPostprocessing = 0;
		};
/* End PBXResourcesBuildPhase section */

/* Begin PBXSourcesBuildPhase section */
		931863701EF7EF50005CE28F /* Sources */ = {
			isa = PBXSourcesBuildPhase;
			buildActionMask = 2147483647;
			files = (
				9318637A1EF7EF50005CE28F /* ViewController.swift in Sources */,
				931863781EF7EF50005CE28F /* AppDelegate.swift in Sources */,
				9346318F1EF9C04E006F06AE /* UIImageExtension.swift in Sources */,
			);
			runOnlyForDeploymentPostprocessing = 0;
		};
/* End PBXSourcesBuildPhase section */

/* Begin PBXVariantGroup section */
		9318637B1EF7EF50005CE28F /* Main.storyboard */ = {
			isa = PBXVariantGroup;
			children = (
				9318637C1EF7EF50005CE28F /* Base */,
			);
			name = Main.storyboard;
			sourceTree = "<group>";
		};
		931863801EF7EF50005CE28F /* LaunchScreen.storyboard */ = {
			isa = PBXVariantGroup;
			children = (
				931863811EF7EF50005CE28F /* Base */,
			);
			name = LaunchScreen.storyboard;
			sourceTree = "<group>";
		};
/* End PBXVariantGroup section */

/* Begin XCBuildConfiguration section */
		931863841EF7EF50005CE28F /* Debug */ = {
			isa = XCBuildConfiguration;
			buildSettings = {
				ALWAYS_SEARCH_USER_PATHS = NO;
				CLANG_ANALYZER_NONNULL = YES;
				CLANG_ANALYZER_NUMBER_OBJECT_CONVERSION = YES_AGGRESSIVE;
				CLANG_CXX_LANGUAGE_STANDARD = "gnu++14";
				CLANG_CXX_LIBRARY = "libc++";
				CLANG_ENABLE_MODULES = YES;
				CLANG_ENABLE_OBJC_ARC = YES;
				CLANG_WARN_BLOCK_CAPTURE_AUTORELEASING = YES;
				CLANG_WARN_BOOL_CONVERSION = YES;
				CLANG_WARN_COMMA = YES;
				CLANG_WARN_CONSTANT_CONVERSION = YES;
				CLANG_WARN_DIRECT_OBJC_ISA_USAGE = YES_ERROR;
				CLANG_WARN_DOCUMENTATION_COMMENTS = YES;
				CLANG_WARN_EMPTY_BODY = YES;
				CLANG_WARN_ENUM_CONVERSION = YES;
				CLANG_WARN_INFINITE_RECURSION = YES;
				CLANG_WARN_INT_CONVERSION = YES;
				CLANG_WARN_OBJC_ROOT_CLASS = YES_ERROR;
				CLANG_WARN_RANGE_LOOP_ANALYSIS = YES;
				CLANG_WARN_STRICT_PROTOTYPES = YES;
				CLANG_WARN_SUSPICIOUS_MOVE = YES;
				CLANG_WARN_UNGUARDED_AVAILABILITY = YES_AGGRESSIVE;
				CLANG_WARN_UNREACHABLE_CODE = YES;
				CLANG_WARN__DUPLICATE_METHOD_MATCH = YES;
				CODE_SIGN_IDENTITY = "iPhone Developer";
				COPY_PHASE_STRIP = NO;
				DEBUG_INFORMATION_FORMAT = dwarf;
				ENABLE_STRICT_OBJC_MSGSEND = YES;
				ENABLE_TESTABILITY = YES;
				GCC_C_LANGUAGE_STANDARD = gnu11;
				GCC_DYNAMIC_NO_PIC = NO;
				GCC_NO_COMMON_BLOCKS = YES;
				GCC_OPTIMIZATION_LEVEL = 0;
				GCC_PREPROCESSOR_DEFINITIONS = (
					"DEBUG=1",
					"$(inherited)",
				);
				GCC_WARN_64_TO_32_BIT_CONVERSION = YES;
				GCC_WARN_ABOUT_RETURN_TYPE = YES_ERROR;
				GCC_WARN_UNDECLARED_SELECTOR = YES;
				GCC_WARN_UNINITIALIZED_AUTOS = YES_AGGRESSIVE;
				GCC_WARN_UNUSED_FUNCTION = YES;
				GCC_WARN_UNUSED_VARIABLE = YES;
				IPHONEOS_DEPLOYMENT_TARGET = 11.0;
				MTL_ENABLE_DEBUG_INFO = YES;
				ONLY_ACTIVE_ARCH = YES;
				SDKROOT = iphoneos;
				SWIFT_ACTIVE_COMPILATION_CONDITIONS = DEBUG;
				SWIFT_OPTIMIZATION_LEVEL = "-Onone";
			};
			name = Debug;
		};
		931863851EF7EF50005CE28F /* Release */ = {
			isa = XCBuildConfiguration;
			buildSettings = {
				ALWAYS_SEARCH_USER_PATHS = NO;
				CLANG_ANALYZER_NONNULL = YES;
				CLANG_ANALYZER_NUMBER_OBJECT_CONVERSION = YES_AGGRESSIVE;
				CLANG_CXX_LANGUAGE_STANDARD = "gnu++14";
				CLANG_CXX_LIBRARY = "libc++";
				CLANG_ENABLE_MODULES = YES;
				CLANG_ENABLE_OBJC_ARC = YES;
				CLANG_WARN_BLOCK_CAPTURE_AUTORELEASING = YES;
				CLANG_WARN_BOOL_CONVERSION = YES;
				CLANG_WARN_COMMA = YES;
				CLANG_WARN_CONSTANT_CONVERSION = YES;
				CLANG_WARN_DIRECT_OBJC_ISA_USAGE = YES_ERROR;
				CLANG_WARN_DOCUMENTATION_COMMENTS = YES;
				CLANG_WARN_EMPTY_BODY = YES;
				CLANG_WARN_ENUM_CONVERSION = YES;
				CLANG_WARN_INFINITE_RECURSION = YES;
				CLANG_WARN_INT_CONVERSION = YES;
				CLANG_WARN_OBJC_ROOT_CLASS = YES_ERROR;
				CLANG_WARN_RANGE_LOOP_ANALYSIS = YES;
				CLANG_WARN_STRICT_PROTOTYPES = YES;
				CLANG_WARN_SUSPICIOUS_MOVE = YES;
				CLANG_WARN_UNGUARDED_AVAILABILITY = YES_AGGRESSIVE;
				CLANG_WARN_UNREACHABLE_CODE = YES;
				CLANG_WARN__DUPLICATE_METHOD_MATCH = YES;
				CODE_SIGN_IDENTITY = "iPhone Developer";
				COPY_PHASE_STRIP = NO;
				DEBUG_INFORMATION_FORMAT = "dwarf-with-dsym";
				ENABLE_NS_ASSERTIONS = NO;
				ENABLE_STRICT_OBJC_MSGSEND = YES;
				GCC_C_LANGUAGE_STANDARD = gnu11;
				GCC_NO_COMMON_BLOCKS = YES;
				GCC_WARN_64_TO_32_BIT_CONVERSION = YES;
				GCC_WARN_ABOUT_RETURN_TYPE = YES_ERROR;
				GCC_WARN_UNDECLARED_SELECTOR = YES;
				GCC_WARN_UNINITIALIZED_AUTOS = YES_AGGRESSIVE;
				GCC_WARN_UNUSED_FUNCTION = YES;
				GCC_WARN_UNUSED_VARIABLE = YES;
				IPHONEOS_DEPLOYMENT_TARGET = 11.0;
				MTL_ENABLE_DEBUG_INFO = NO;
				SDKROOT = iphoneos;
				SWIFT_OPTIMIZATION_LEVEL = "-Owholemodule";
				VALIDATE_PRODUCT = YES;
			};
			name = Release;
		};
		931863871EF7EF50005CE28F /* Debug */ = {
			isa = XCBuildConfiguration;
			buildSettings = {
				ASSETCATALOG_COMPILER_APPICON_NAME = AppIcon;
				INFOPLIST_FILE = Flowers/Info.plist;
				LD_RUNPATH_SEARCH_PATHS = "$(inherited) @executable_path/Frameworks";
				PRODUCT_BUNDLE_IDENTIFIER = com.gaelfoppolo.Flowers;
				PRODUCT_NAME = "$(TARGET_NAME)";
				SWIFT_VERSION = 4.0;
				TARGETED_DEVICE_FAMILY = "1,2";
			};
			name = Debug;
		};
		931863881EF7EF50005CE28F /* Release */ = {
			isa = XCBuildConfiguration;
			buildSettings = {
				ASSETCATALOG_COMPILER_APPICON_NAME = AppIcon;
				INFOPLIST_FILE = Flowers/Info.plist;
				LD_RUNPATH_SEARCH_PATHS = "$(inherited) @executable_path/Frameworks";
				PRODUCT_BUNDLE_IDENTIFIER = com.gaelfoppolo.Flowers;
				PRODUCT_NAME = "$(TARGET_NAME)";
				SWIFT_VERSION = 4.0;
				TARGETED_DEVICE_FAMILY = "1,2";
			};
			name = Release;
		};
/* End XCBuildConfiguration section */

/* Begin XCConfigurationList section */
		9318636F1EF7EF50005CE28F /* Build configuration list for PBXProject "Flowers" */ = {
			isa = XCConfigurationList;
			buildConfigurations = (
				931863841EF7EF50005CE28F /* Debug */,
				931863851EF7EF50005CE28F /* Release */,
			);
			defaultConfigurationIsVisible = 0;
			defaultConfigurationName = Release;
		};
		931863861EF7EF50005CE28F /* Build configuration list for PBXNativeTarget "Flowers" */ = {
			isa = XCConfigurationList;
			buildConfigurations = (
				931863871EF7EF50005CE28F /* Debug */,
				931863881EF7EF50005CE28F /* Release */,
			);
			defaultConfigurationIsVisible = 0;
			defaultConfigurationName = Release;
		};
/* End XCConfigurationList section */
	};
	rootObject = 9318636C1EF7EF50005CE28F /* Project object */;
}
